
Microsoft Visual Studio Solution File, Format Version 12.00
# Visual Studio Version 16
VisualStudioVersion = 16.0.31424.327
MinimumVisualStudioVersion = 10.0.40219.1
Project("{FAE04EC0-301F-11D3-BF4B-00C04F79EFBC}") = "lab10", "lab10\lab10.csproj", "{8F1969FC-194C-491B-8A79-A643540DA2B8}"
EndProject
Global
	GlobalSection(SolutionConfigurationPlatforms) = preSolution
		Debug|Any CPU = Debug|Any CPU
		Release|Any CPU = Release|Any CPU
	EndGlobalSection
	GlobalSection(ProjectConfigurationPlatforms) = postSolution
		{8F1969FC-194C-491B-8A79-A643540DA2B8}.Debug|Any CPU.ActiveCfg = Debug|Any CPU
		{8F1969FC-194C-491B-8A79-A643540DA2B8}.Debug|Any CPU.Build.0 = Debug|Any CPU
		{8F1969FC-194C-491B-8A79-A643540DA2B8}.Release|Any CPU.ActiveCfg = Release|Any CPU
		{8F1969FC-194C-491B-8A79-A643540DA2B8}.Release|Any CPU.Build.0 = Release|Any CPU
	EndGlobalSection
	GlobalSection(SolutionProperties) = preSolution
		HideSolutionNode = FALSE
	EndGlobalSection
	GlobalSection(ExtensibilityGlobals) = postSolution
		SolutionGuid = {84F7A0A0-91CF-417A-BDDD-1A3184A92A6C}
	EndGlobalSection
EndGlobal
