
Microsoft Visual Studio Solution File, Format Version 12.00
# Visual Studio Version 16
VisualStudioVersion = 16.0.31424.327
MinimumVisualStudioVersion = 10.0.40219.1
Project("{FAE04EC0-301F-11D3-BF4B-00C04F79EFBC}") = "lab07", "lab07\lab07.csproj", "{600E6FF1-C8D1-4E12-9FF0-5A0419E30F2F}"
EndProject
Global
	GlobalSection(SolutionConfigurationPlatforms) = preSolution
		Debug|Any CPU = Debug|Any CPU
		Release|Any CPU = Release|Any CPU
	EndGlobalSection
	GlobalSection(ProjectConfigurationPlatforms) = postSolution
		{600E6FF1-C8D1-4E12-9FF0-5A0419E30F2F}.Debug|Any CPU.ActiveCfg = Debug|Any CPU
		{600E6FF1-C8D1-4E12-9FF0-5A0419E30F2F}.Debug|Any CPU.Build.0 = Debug|Any CPU
		{600E6FF1-C8D1-4E12-9FF0-5A0419E30F2F}.Release|Any CPU.ActiveCfg = Release|Any CPU
		{600E6FF1-C8D1-4E12-9FF0-5A0419E30F2F}.Release|Any CPU.Build.0 = Release|Any CPU
	EndGlobalSection
	GlobalSection(SolutionProperties) = preSolution
		HideSolutionNode = FALSE
	EndGlobalSection
	GlobalSection(ExtensibilityGlobals) = postSolution
		SolutionGuid = {5A240BBB-5403-4023-AEB0-25ACB0E70188}
	EndGlobalSection
EndGlobal
