
Microsoft Visual Studio Solution File, Format Version 12.00
# Visual Studio Version 16
VisualStudioVersion = 16.0.31424.327
MinimumVisualStudioVersion = 10.0.40219.1
Project("{FAE04EC0-301F-11D3-BF4B-00C04F79EFBC}") = "lab05", "lab05\lab05.csproj", "{B6FB977A-E72D-453D-B107-1EB781E3205F}"
EndProject
Global
	GlobalSection(SolutionConfigurationPlatforms) = preSolution
		Debug|Any CPU = Debug|Any CPU
		Release|Any CPU = Release|Any CPU
	EndGlobalSection
	GlobalSection(ProjectConfigurationPlatforms) = postSolution
		{B6FB977A-E72D-453D-B107-1EB781E3205F}.Debug|Any CPU.ActiveCfg = Debug|Any CPU
		{B6FB977A-E72D-453D-B107-1EB781E3205F}.Debug|Any CPU.Build.0 = Debug|Any CPU
		{B6FB977A-E72D-453D-B107-1EB781E3205F}.Release|Any CPU.ActiveCfg = Release|Any CPU
		{B6FB977A-E72D-453D-B107-1EB781E3205F}.Release|Any CPU.Build.0 = Release|Any CPU
	EndGlobalSection
	GlobalSection(SolutionProperties) = preSolution
		HideSolutionNode = FALSE
	EndGlobalSection
	GlobalSection(ExtensibilityGlobals) = postSolution
		SolutionGuid = {ABDAFCE9-A4E4-4DF0-BDCE-05F250F4BB44}
	EndGlobalSection
EndGlobal
